
Microsoft Visual Studio Solution File, Format Version 12.00
# Visual Studio Version 17
VisualStudioVersion = 17.2.32616.157
MinimumVisualStudioVersion = 10.0.40219.1
Project("{FAE04EC0-301F-11D3-BF4B-00C04F79EFBC}") = "IceCreamCompositePattern", "IceCreamCompositePattern\IceCreamCompositePattern.csproj", "{665080FA-BF78-412A-B7B0-C76C6AD501B1}"
EndProject
Project("{FAE04EC0-301F-11D3-BF4B-00C04F79EFBC}") = "BusinessLayer", "BusinessLayer\BusinessLayer.csproj", "{E9B55906-C8F3-4C00-9DC7-20F420D5EF67}"
EndProject
Global
	GlobalSection(SolutionConfigurationPlatforms) = preSolution
		Debug|Any CPU = Debug|Any CPU
		Release|Any CPU = Release|Any CPU
	EndGlobalSection
	GlobalSection(ProjectConfigurationPlatforms) = postSolution
		{665080FA-BF78-412A-B7B0-C76C6AD501B1}.Debug|Any CPU.ActiveCfg = Debug|Any CPU
		{665080FA-BF78-412A-B7B0-C76C6AD501B1}.Debug|Any CPU.Build.0 = Debug|Any CPU
		{665080FA-BF78-412A-B7B0-C76C6AD501B1}.Release|Any CPU.ActiveCfg = Release|Any CPU
		{665080FA-BF78-412A-B7B0-C76C6AD501B1}.Release|Any CPU.Build.0 = Release|Any CPU
		{E9B55906-C8F3-4C00-9DC7-20F420D5EF67}.Debug|Any CPU.ActiveCfg = Debug|Any CPU
		{E9B55906-C8F3-4C00-9DC7-20F420D5EF67}.Debug|Any CPU.Build.0 = Debug|Any CPU
		{E9B55906-C8F3-4C00-9DC7-20F420D5EF67}.Release|Any CPU.ActiveCfg = Release|Any CPU
		{E9B55906-C8F3-4C00-9DC7-20F420D5EF67}.Release|Any CPU.Build.0 = Release|Any CPU
	EndGlobalSection
	GlobalSection(SolutionProperties) = preSolution
		HideSolutionNode = FALSE
	EndGlobalSection
	GlobalSection(ExtensibilityGlobals) = postSolution
		SolutionGuid = {1A8F3125-3DA0-4DD3-9AA7-E368CDD4A3FC}
	EndGlobalSection
EndGlobal
